
Microsoft Visual Studio Solution File, Format Version 12.00
# Visual Studio 2013
VisualStudioVersion = 12.0.21005.1
MinimumVisualStudioVersion = 10.0.40219.1
Project("{8BC9CEB8-8B4A-11D0-8D11-00A0C91BC942}") = "vector3", "vector3\vector3.vcxproj", "{878052FC-7B10-4881-8BB6-72D4BE96C4A6}"
EndProject
Project("{8BC9CEB8-8B4A-11D0-8D11-00A0C91BC942}") = "Mat4", "Mat4\Mat4.vcxproj", "{230EABCA-3259-40A0-B482-9BDC4D261BD0}"
EndProject
Global
	GlobalSection(SolutionConfigurationPlatforms) = preSolution
		Debug|Win32 = Debug|Win32
		Release|Win32 = Release|Win32
	EndGlobalSection
	GlobalSection(ProjectConfigurationPlatforms) = postSolution
		{878052FC-7B10-4881-8BB6-72D4BE96C4A6}.Debug|Win32.ActiveCfg = Debug|Win32
		{878052FC-7B10-4881-8BB6-72D4BE96C4A6}.Debug|Win32.Build.0 = Debug|Win32
		{878052FC-7B10-4881-8BB6-72D4BE96C4A6}.Release|Win32.ActiveCfg = Release|Win32
		{878052FC-7B10-4881-8BB6-72D4BE96C4A6}.Release|Win32.Build.0 = Release|Win32
		{230EABCA-3259-40A0-B482-9BDC4D261BD0}.Debug|Win32.ActiveCfg = Debug|Win32
		{230EABCA-3259-40A0-B482-9BDC4D261BD0}.Debug|Win32.Build.0 = Debug|Win32
		{230EABCA-3259-40A0-B482-9BDC4D261BD0}.Release|Win32.ActiveCfg = Release|Win32
		{230EABCA-3259-40A0-B482-9BDC4D261BD0}.Release|Win32.Build.0 = Release|Win32
	EndGlobalSection
	GlobalSection(SolutionProperties) = preSolution
		HideSolutionNode = FALSE
	EndGlobalSection
EndGlobal
